{
  "name": "toonboom-tools",
  "lockfileVersion": 2,
  "requires": true,
  "packages": {
    "": {
      "dependencies": {
        "tba-types": "github:bryab/tba-types",
        "typescript": "^5.8.2"
      }
    },
    "node_modules/tba-types": {
      "version": "0.0.1",
      "resolved": "git+ssh://git@github.com/bryab/tba-types.git#1c35c588cac0db38cb8fb080219318ed4c4475e9",
      "license": "MIT"
    },
    "node_modules/typescript": {
      "version": "5.8.2",
      "resolved": "https://registry.npmjs.org/typescript/-/typescript-5.8.2.tgz",
      "integrity": "sha512-aJn6wq13/afZp/jT9QZmwEjDqqvSGp1VT5GVg+f/t6/oVyrgXM6BY1h9BRh/O5p3PlUPAe+WuiEZOmb/49RqoQ==",
      "bin": {
        "tsc": "bin/tsc",
        "tsserver": "bin/tsserver"
      },
      "engines": {
        "node": ">=14.17"
      }
    }
  },
  "dependencies": {
    "tba-types": {
      "version": "git+ssh://git@github.com/bryab/tba-types.git#1c35c588cac0db38cb8fb080219318ed4c4475e9",
      "from": "tba-types@github:bryab/tba-types.git"
    },
    "typescript": {
      "version": "5.8.2",
      "resolved": "https://registry.npmjs.org/typescript/-/typescript-5.8.2.tgz",
      "integrity": "sha512-aJn6wq13/afZp/jT9QZmwEjDqqvSGp1VT5GVg+f/t6/oVyrgXM6BY1h9BRh/O5p3PlUPAe+WuiEZOmb/49RqoQ=="
    }
  }
}
